
Microsoft Visual Studio Solution File, Format Version 12.00
# Visual Studio 14
VisualStudioVersion = 14.0.24720.0
MinimumVisualStudioVersion = 10.0.40219.1
Project("{FAE04EC0-301F-11D3-BF4B-00C04F79EFBC}") = "ExampleService", "ExampleService\ExampleService.csproj", "{05F9DA6B-2827-4844-8899-949A2D10175B}"
EndProject
Project("{FAE04EC0-301F-11D3-BF4B-00C04F79EFBC}") = "ExampleServiceLib", "ExampleServiceLib\ExampleServiceLib.csproj", "{8F403D63-642A-4BE1-9C5E-CE6CC3A493EF}"
EndProject
Global
	GlobalSection(SolutionConfigurationPlatforms) = preSolution
		Debug|Any CPU = Debug|Any CPU
		Release|Any CPU = Release|Any CPU
	EndGlobalSection
	GlobalSection(ProjectConfigurationPlatforms) = postSolution
		{05F9DA6B-2827-4844-8899-949A2D10175B}.Debug|Any CPU.ActiveCfg = Debug|Any CPU
		{05F9DA6B-2827-4844-8899-949A2D10175B}.Debug|Any CPU.Build.0 = Debug|Any CPU
		{05F9DA6B-2827-4844-8899-949A2D10175B}.Release|Any CPU.ActiveCfg = Release|Any CPU
		{05F9DA6B-2827-4844-8899-949A2D10175B}.Release|Any CPU.Build.0 = Release|Any CPU
		{8F403D63-642A-4BE1-9C5E-CE6CC3A493EF}.Debug|Any CPU.ActiveCfg = Debug|Any CPU
		{8F403D63-642A-4BE1-9C5E-CE6CC3A493EF}.Debug|Any CPU.Build.0 = Debug|Any CPU
		{8F403D63-642A-4BE1-9C5E-CE6CC3A493EF}.Release|Any CPU.ActiveCfg = Release|Any CPU
		{8F403D63-642A-4BE1-9C5E-CE6CC3A493EF}.Release|Any CPU.Build.0 = Release|Any CPU
	EndGlobalSection
	GlobalSection(SolutionProperties) = preSolution
		HideSolutionNode = FALSE
	EndGlobalSection
EndGlobal
